<Solution>
  <Folder Name="/docs/" />
  <Folder Name="/docs/database/" />
  <Folder Name="/docs/database/sqlserver/" />
  <Folder Name="/docs/database/sqlserver/migrations/" />
  <Folder Name="/docs/database/sqlserver/seed/" />
  <Folder Name="/docs/database/sqlserver/stored-procedures/" />
  <Folder Name="/docs/database/sqlserver/tables/" />
  <Folder Name="/docs/decisions/">
    <File Path="docs/decisions/HU-004-Authenticacion.md" />
    <File Path="docs/decisions/HU-005-Authenticacion-UI.md" />
    <File Path="docs/decisions/HU-006-Authenticacion-UI.md" />
    <File Path="docs/decisions/HU-007-Menu-UI.md" />
    <File Path="docs/decisions/HU-008-Aplicar-Patron-MVVM-UI.md" />
    <File Path="docs/decisions/HU-009-Clase Parámetros-MVVM-UI.md" />
    <File Path="docs/decisions/HU-010-Configuracion-Iglesias-MVVM-UI.md" />
    <File Path="docs/decisions/HU-011-Estructura-Organizacional-MVVM-UI.md" />
    <File Path="docs/decisions/HU-012-Registro-MVVM-UI.md" />
  </Folder>
  <Folder Name="/docs/doc/">
    <File Path="docs/doc/RESP_SPEC-001-RESULTADO - Validación de Arquitectura Base.md" />
    <File Path="docs/doc/SPEC-001-Documentacion - Validación de Arquitectura Base.md" />
  </Folder>
  <Folder Name="/docs/prompts/">
    <File Path="1_prompt_spc_001_Analizis.txt" />
    <File Path="2_prompt_spc_001_Aprobado.txt" />
    <File Path="3_PROMPT_DOCUMENTAR_SPEC_001.txt" />
    <File Path="4_promtp_spec_002.txt" />
    <File Path="docs/prompts/5_promtp_spec_010.txt" />
    <File Path="docs/prompts/6_promtp_spec_012.txt" />
  </Folder>
  <Folder Name="/docs/specs/">
    <File Path="docs/specs/HU-008-Aplicar-Patron-MVVM-UI.md" />
    <File Path="docs/specs/SPEC-001 - Creación de Arquitectura Base ROCA.Emuna360.md" />
    <File Path="docs/specs/SPEC-002 - Modelo Base Multiorganizacional ROCA.Emuna360.md" />
    <File Path="docs/specs/SPEC-003 - Repositorios CRUD y API REST ROCA.Emuna360.md" />
    <File Path="docs/specs/SPEC-004 - Login Autenticación y Backend de Seguridad ROCA.Emuna360.md" />
    <File Path="docs/specs/SPEC-005-Authenticacion-UI ROCA.Emuna360.md" />
    <File Path="docs/specs/SPEC-006-Authenticacion-UI-Funcional-ROCA.Emuna360.md" />
    <File Path="docs/specs/SPEC-007-Menu-UI-ROCA.Emuna360.md.md" />
    <File Path="docs/specs/SPEC-009-Clase Parámetros-MVVM-UI.md.md" />
    <File Path="docs/specs/SPEC-010-Configuracion-Iglesias-MVVM-UI.md" />
    <File Path="docs/specs/SPEC-011-Estructura-Organizacional-MVVM-UI.md" />
    <File Path="docs/specs/SPEC-012-Registro-MVVM-UI.md" />
  </Folder>
  <Folder Name="/src/" />
  <Folder Name="/src/Core/">
    <Project Path="src/Core/ROCA.Emuna360.Application/ROCA.Emuna360.Application.csproj" />
    <Project Path="src/Core/ROCA.Emuna360.Domain/ROCA.Emuna360.Domain.csproj" />
  </Folder>
  <Folder Name="/src/Infrastructure/">
    <Project Path="src/Infrastructure/ROCA.Emuna360.Infrastructure/ROCA.Emuna360.Infrastructure.csproj" />
  </Folder>
  <Folder Name="/src/Presentation/">
    <Project Path="src/Presentation/ROCA.Emuna360.Presentation.WebUI/ROCA.Emuna360.Presentation.WebUI.csproj" />
  </Folder>
  <Folder Name="/src/Service/">
    <Project Path="src/Service/ROCA.Emuna360.API/ROCA.Emuna360.API.csproj" />
  </Folder>
</Solution>
